
Microsoft Visual Studio Solution File, Format Version 12.00
# Visual Studio Version 18
VisualStudioVersion = 18.5.11709.299 stable
MinimumVisualStudioVersion = 10.0.40219.1
Project("{FAE04EC0-301F-11D3-BF4B-00C04F79EFBC}") = "Housing Tweaks", "Housing Tweaks.csproj", "{157592D1-66DF-5035-1396-E62A58BA42BF}"
EndProject
Global
	GlobalSection(SolutionConfigurationPlatforms) = preSolution
		Debug|Any CPU = Debug|Any CPU
		Release|Any CPU = Release|Any CPU
	EndGlobalSection
	GlobalSection(ProjectConfigurationPlatforms) = postSolution
		{157592D1-66DF-5035-1396-E62A58BA42BF}.Debug|Any CPU.ActiveCfg = Debug|Any CPU
		{157592D1-66DF-5035-1396-E62A58BA42BF}.Debug|Any CPU.Build.0 = Debug|Any CPU
		{157592D1-66DF-5035-1396-E62A58BA42BF}.Release|Any CPU.ActiveCfg = Release|Any CPU
		{157592D1-66DF-5035-1396-E62A58BA42BF}.Release|Any CPU.Build.0 = Release|Any CPU
	EndGlobalSection
	GlobalSection(SolutionProperties) = preSolution
		HideSolutionNode = FALSE
	EndGlobalSection
	GlobalSection(ExtensibilityGlobals) = postSolution
		SolutionGuid = {840B9645-96B2-49F2-88AD-2E3007CE13D0}
	EndGlobalSection
EndGlobal
